
Microsoft Visual Studio Solution File, Format Version 12.00
# Visual Studio Version 17
VisualStudioVersion = 17.13.35913.81
MinimumVisualStudioVersion = 10.0.40219.1
Project("{FAE04EC0-301F-11D3-BF4B-00C04F79EFBC}") = "LogsProcessingFunction", "LogsProcessingFunction\LogsProcessingFunction.csproj", "{9F8E78D9-C726-F953-F508-48A5FF9A6D9A}"
EndProject
Global
	GlobalSection(SolutionConfigurationPlatforms) = preSolution
		Debug|Any CPU = Debug|Any CPU
		Release|Any CPU = Release|Any CPU
	EndGlobalSection
	GlobalSection(ProjectConfigurationPlatforms) = postSolution
		{9F8E78D9-C726-F953-F508-48A5FF9A6D9A}.Debug|Any CPU.ActiveCfg = Debug|Any CPU
		{9F8E78D9-C726-F953-F508-48A5FF9A6D9A}.Debug|Any CPU.Build.0 = Debug|Any CPU
		{9F8E78D9-C726-F953-F508-48A5FF9A6D9A}.Release|Any CPU.ActiveCfg = Release|Any CPU
		{9F8E78D9-C726-F953-F508-48A5FF9A6D9A}.Release|Any CPU.Build.0 = Release|Any CPU
	EndGlobalSection
	GlobalSection(SolutionProperties) = preSolution
		HideSolutionNode = FALSE
	EndGlobalSection
	GlobalSection(ExtensibilityGlobals) = postSolution
		SolutionGuid = {88284A76-8EEC-4E70-B6F0-9042CD49C50F}
	EndGlobalSection
EndGlobal
